{
  "name": "skull-cavern-pathing",
  "version": "1.0.0",
  "lockfileVersion": 3,
  "requires": true,
  "packages": {
    "": {
      "name": "skull-cavern-pathing",
      "version": "1.0.0",
      "license": "ISC",
      "devDependencies": {
        "serve": "^14.2.1",
        "vercel": "^32.5.0"
      },
      "engines": {
        "node": ">=14.0.0"
      }
    }
  }
}
